
Microsoft Visual Studio Solution File, Format Version 12.00
# Visual Studio 2013
VisualStudioVersion = 12.0.40629.0
MinimumVisualStudioVersion = 10.0.40219.1
Project("{8BC9CEB8-8B4A-11D0-8D11-00A0C91BC942}") = "Task 21 (Elective)", "Task 21 (Elective)\Task 21 (Elective).vcxproj", "{A84CEF5E-EA00-437D-AF30-F207B9750E47}"
EndProject
Project("{8BC9CEB8-8B4A-11D0-8D11-00A0C91BC942}") = "UnitTest1", "UnitTest1\UnitTest1.vcxproj", "{A61AC7C2-988C-4671-B794-35C1B915CB7F}"
EndProject
Global
	GlobalSection(SolutionConfigurationPlatforms) = preSolution
		Debug|Win32 = Debug|Win32
		Release|Win32 = Release|Win32
	EndGlobalSection
	GlobalSection(ProjectConfigurationPlatforms) = postSolution
		{A84CEF5E-EA00-437D-AF30-F207B9750E47}.Debug|Win32.ActiveCfg = Debug|Win32
		{A84CEF5E-EA00-437D-AF30-F207B9750E47}.Debug|Win32.Build.0 = Debug|Win32
		{A84CEF5E-EA00-437D-AF30-F207B9750E47}.Release|Win32.ActiveCfg = Release|Win32
		{A84CEF5E-EA00-437D-AF30-F207B9750E47}.Release|Win32.Build.0 = Release|Win32
		{A61AC7C2-988C-4671-B794-35C1B915CB7F}.Debug|Win32.ActiveCfg = Debug|Win32
		{A61AC7C2-988C-4671-B794-35C1B915CB7F}.Debug|Win32.Build.0 = Debug|Win32
		{A61AC7C2-988C-4671-B794-35C1B915CB7F}.Release|Win32.ActiveCfg = Release|Win32
		{A61AC7C2-988C-4671-B794-35C1B915CB7F}.Release|Win32.Build.0 = Release|Win32
	EndGlobalSection
	GlobalSection(SolutionProperties) = preSolution
		HideSolutionNode = FALSE
	EndGlobalSection
EndGlobal
