
Microsoft Visual Studio Solution File, Format Version 12.00
# Visual Studio 2013
VisualStudioVersion = 12.0.40629.0
MinimumVisualStudioVersion = 10.0.40219.1
Project("{8BC9CEB8-8B4A-11D0-8D11-00A0C91BC942}") = "Task 20 (Observer)", "Task 20 (Observer)\Task 20 (Observer).vcxproj", "{2351C04D-B3FA-4AC8-84F8-4E28F08D4F54}"
EndProject
Project("{8BC9CEB8-8B4A-11D0-8D11-00A0C91BC942}") = "UnitTest1", "UnitTest1\UnitTest1.vcxproj", "{8BA56809-2958-4D9A-8DA8-822502DF32A7}"
EndProject
Global
	GlobalSection(SolutionConfigurationPlatforms) = preSolution
		Debug|Win32 = Debug|Win32
		Release|Win32 = Release|Win32
	EndGlobalSection
	GlobalSection(ProjectConfigurationPlatforms) = postSolution
		{2351C04D-B3FA-4AC8-84F8-4E28F08D4F54}.Debug|Win32.ActiveCfg = Debug|Win32
		{2351C04D-B3FA-4AC8-84F8-4E28F08D4F54}.Debug|Win32.Build.0 = Debug|Win32
		{2351C04D-B3FA-4AC8-84F8-4E28F08D4F54}.Release|Win32.ActiveCfg = Release|Win32
		{2351C04D-B3FA-4AC8-84F8-4E28F08D4F54}.Release|Win32.Build.0 = Release|Win32
		{8BA56809-2958-4D9A-8DA8-822502DF32A7}.Debug|Win32.ActiveCfg = Debug|Win32
		{8BA56809-2958-4D9A-8DA8-822502DF32A7}.Debug|Win32.Build.0 = Debug|Win32
		{8BA56809-2958-4D9A-8DA8-822502DF32A7}.Release|Win32.ActiveCfg = Release|Win32
		{8BA56809-2958-4D9A-8DA8-822502DF32A7}.Release|Win32.Build.0 = Release|Win32
	EndGlobalSection
	GlobalSection(SolutionProperties) = preSolution
		HideSolutionNode = FALSE
	EndGlobalSection
EndGlobal
